
Microsoft Visual Studio Solution File, Format Version 12.00
# Visual Studio Version 17
VisualStudioVersion = 17.10.35122.118
MinimumVisualStudioVersion = 10.0.40219.1
Project("{9A19103F-16F7-4668-BE54-9A1E7A4F7556}") = "AmiOutdoor", "AmiOutdoor\AmiOutdoor.csproj", "{B7D5209C-21CB-4E26-91C5-920BCB41A442}"
EndProject
Project("{FAE04EC0-301F-11D3-BF4B-00C04F79EFBC}") = "AmiBusiness", "AmiBusiness\AmiBusiness.csproj", "{7EEDCBC4-2433-4EFB-8821-C19654B0E4F8}"
	ProjectSection(ProjectDependencies) = postProject
		{1A5E999C-E5C8-4D5D-B23B-A431E6FD2BD2} = {1A5E999C-E5C8-4D5D-B23B-A431E6FD2BD2}
	EndProjectSection
EndProject
Project("{9A19103F-16F7-4668-BE54-9A1E7A4F7556}") = "AmiLibrary", "AmiLibrary\AmiLibrary.csproj", "{1A5E999C-E5C8-4D5D-B23B-A431E6FD2BD2}"
EndProject
Global
	GlobalSection(SolutionConfigurationPlatforms) = preSolution
		Debug|Any CPU = Debug|Any CPU
		Release|Any CPU = Release|Any CPU
	EndGlobalSection
	GlobalSection(ProjectConfigurationPlatforms) = postSolution
		{B7D5209C-21CB-4E26-91C5-920BCB41A442}.Debug|Any CPU.ActiveCfg = Debug|Any CPU
		{B7D5209C-21CB-4E26-91C5-920BCB41A442}.Debug|Any CPU.Build.0 = Debug|Any CPU
		{B7D5209C-21CB-4E26-91C5-920BCB41A442}.Release|Any CPU.ActiveCfg = Release|Any CPU
		{B7D5209C-21CB-4E26-91C5-920BCB41A442}.Release|Any CPU.Build.0 = Release|Any CPU
		{7EEDCBC4-2433-4EFB-8821-C19654B0E4F8}.Debug|Any CPU.ActiveCfg = Debug|Any CPU
		{7EEDCBC4-2433-4EFB-8821-C19654B0E4F8}.Debug|Any CPU.Build.0 = Debug|Any CPU
		{7EEDCBC4-2433-4EFB-8821-C19654B0E4F8}.Release|Any CPU.ActiveCfg = Release|Any CPU
		{7EEDCBC4-2433-4EFB-8821-C19654B0E4F8}.Release|Any CPU.Build.0 = Release|Any CPU
		{1A5E999C-E5C8-4D5D-B23B-A431E6FD2BD2}.Debug|Any CPU.ActiveCfg = Debug|Any CPU
		{1A5E999C-E5C8-4D5D-B23B-A431E6FD2BD2}.Debug|Any CPU.Build.0 = Debug|Any CPU
		{1A5E999C-E5C8-4D5D-B23B-A431E6FD2BD2}.Release|Any CPU.ActiveCfg = Release|Any CPU
		{1A5E999C-E5C8-4D5D-B23B-A431E6FD2BD2}.Release|Any CPU.Build.0 = Release|Any CPU
	EndGlobalSection
	GlobalSection(SolutionProperties) = preSolution
		HideSolutionNode = FALSE
	EndGlobalSection
	GlobalSection(ExtensibilityGlobals) = postSolution
		SolutionGuid = {C9F8B792-0200-4C0F-A850-C4ED20C4BD81}
	EndGlobalSection
EndGlobal
